github.com/avast/aconfig v0.14.1 h1:VvKNzMVqrHVWdHn05D/0Hp5F8audTTXdDkPPmjNjUig=
github.com/avast/aconfig v0.14.1/go.mod h1:w3VQsQbZzu/wMKrWgTJ/fQoq8zqAXyMSFb2/rkPoC08=
github.com/joho/godotenv v1.3.0 h1:Zjp+RcGpHhGlrMbJzXTrZZPrWj+1vfm90La1wgB6Bhc=
github.com/joho/godotenv v1.3.0/go.mod h1:7hK45KPybAkOC6peb+G5yklZfMxEjkZhHbwpqxOKXbg=
